
Microsoft Visual Studio Solution File, Format Version 12.00
# Visual Studio Version 16
VisualStudioVersion = 16.0.31205.134
MinimumVisualStudioVersion = 10.0.40219.1
Project("{FAE04EC0-301F-11D3-BF4B-00C04F79EFBC}") = "AnotherRound", "AnotherRound.csproj", "{6CC1A959-6D24-459E-A969-4422BB091FFD}"
EndProject
Global
	GlobalSection(SolutionConfigurationPlatforms) = preSolution
		Debug|Any CPU = Debug|Any CPU
		Release|Any CPU = Release|Any CPU
	EndGlobalSection
	GlobalSection(ProjectConfigurationPlatforms) = postSolution
		{6CC1A959-6D24-459E-A969-4422BB091FFD}.Debug|Any CPU.ActiveCfg = Debug|Any CPU
		{6CC1A959-6D24-459E-A969-4422BB091FFD}.Debug|Any CPU.Build.0 = Debug|Any CPU
		{6CC1A959-6D24-459E-A969-4422BB091FFD}.Release|Any CPU.ActiveCfg = Release|Any CPU
		{6CC1A959-6D24-459E-A969-4422BB091FFD}.Release|Any CPU.Build.0 = Release|Any CPU
	EndGlobalSection
	GlobalSection(SolutionProperties) = preSolution
		HideSolutionNode = FALSE
	EndGlobalSection
	GlobalSection(ExtensibilityGlobals) = postSolution
		SolutionGuid = {DA9E7A84-E062-4482-A3B3-8D2CE3C77E69}
	EndGlobalSection
EndGlobal
